annotations_creators:
- no-annotation
language_creators:
- crowdsourced
language:
- af
- ar
- az
- be
- bg
- bn
- br
- bs
- ca
- ch
- cs
- cv
- cy
- da
- de
- el
- en
- eo
- es
- et
- eu
- fa
- fi
- fo
- fr
- fy
- ga
- gd
- gl
- gn
- he
- hi
- hr
- hu
- hy
- ia
- id
- ie
- io
- is
- it
- ja
- jv
- ka
- kk
- km
- ko
- ku
- kw
- la
- lb
- lt
- lv
- mi
- mk
- ml
- mn
- mr
- ms
- mt
- my
- nb
- nl
- nn
- 'no'
- oc
- pl
- pt
- qu
- rn
- ro
- ru
- sh
- sl
- sq
- sr
- sv
- sw
- ta
- te
- th
- tk
- tl
- tr
- tt
- ug
- uk
- ur
- uz
- vi
- vo
- yi
- zh
license:
- cc-by-2.0
multilinguality:
- translation
pretty_name: The Tatoeba Translation Challenge
size_categories:
- unknown
source_datasets:
- original
task_categories:
- text-generation
- translation
